// !$*UTF8*$!
{
	archiveVersion = 1;
	classes = {
	};
	objectVersion = 55;
	objects = {

/* Begin PBXBuildFile section */
		07B77AE5286B44F300A1A2BA /* CalendarHeaderView.swift in Sources */ = {isa = PBXBuildFile; fileRef = 07B77AE4286B44F300A1A2BA /* CalendarHeaderView.swift */; };
		07EBB30B286A0029006384DC /* CalendarCollectionViewCell.swift in Sources */ = {isa = PBXBuildFile; fileRef = 07EBB30A286A0029006384DC /* CalendarCollectionViewCell.swift */; };
		07EBB310286A0339006384DC /* Month.swift in Sources */ = {isa = PBXBuildFile; fileRef = 07EBB30F286A0339006384DC /* Month.swift */; };
		07EBB312286A033F006384DC /* Day.swift in Sources */ = {isa = PBXBuildFile; fileRef = 07EBB311286A033F006384DC /* Day.swift */; };
		07EBB314286A35BC006384DC /* MMTCalendarView.swift in Sources */ = {isa = PBXBuildFile; fileRef = 07EBB313286A35BC006384DC /* MMTCalendarView.swift */; };
		07FB75D12869D9D100E3F842 /* AppDelegate.swift in Sources */ = {isa = PBXBuildFile; fileRef = 07FB75D02869D9D100E3F842 /* AppDelegate.swift */; };
		07FB75D32869D9D100E3F842 /* SceneDelegate.swift in Sources */ = {isa = PBXBuildFile; fileRef = 07FB75D22869D9D100E3F842 /* SceneDelegate.swift */; };
		07FB75D82869D9D100E3F842 /* Main.storyboard in Resources */ = {isa = PBXBuildFile; fileRef = 07FB75D62869D9D100E3F842 /* Main.storyboard */; };
		07FB75DA2869D9D200E3F842 /* Assets.xcassets in Resources */ = {isa = PBXBuildFile; fileRef = 07FB75D92869D9D200E3F842 /* Assets.xcassets */; };
		07FB75DD2869D9D200E3F842 /* LaunchScreen.storyboard in Resources */ = {isa = PBXBuildFile; fileRef = 07FB75DB2869D9D200E3F842 /* LaunchScreen.storyboard */; };
		07FB75E82869D9D200E3F842 /* MMTCalendarTests.swift in Sources */ = {isa = PBXBuildFile; fileRef = 07FB75E72869D9D200E3F842 /* MMTCalendarTests.swift */; };
		07FB75F22869D9D200E3F842 /* MMTCalendarUITests.swift in Sources */ = {isa = PBXBuildFile; fileRef = 07FB75F12869D9D200E3F842 /* MMTCalendarUITests.swift */; };
		07FB75F42869D9D200E3F842 /* MMTCalendarUITestsLaunchTests.swift in Sources */ = {isa = PBXBuildFile; fileRef = 07FB75F32869D9D200E3F842 /* MMTCalendarUITestsLaunchTests.swift */; };
		07FB76022869FCD100E3F842 /* HomeViewController.swift in Sources */ = {isa = PBXBuildFile; fileRef = 07FB76012869FCD100E3F842 /* HomeViewController.swift */; };
/* End PBXBuildFile section */

/* Begin PBXContainerItemProxy section */
		07FB75E42869D9D200E3F842 /* PBXContainerItemProxy */ = {
			isa = PBXContainerItemProxy;
			containerPortal = 07FB75C52869D9D100E3F842 /* Project object */;
			proxyType = 1;
			remoteGlobalIDString = 07FB75CC2869D9D100E3F842;
			remoteInfo = MMTCalendar;
		};
		07FB75EE2869D9D200E3F842 /* PBXContainerItemProxy */ = {
			isa = PBXContainerItemProxy;
			containerPortal = 07FB75C52869D9D100E3F842 /* Project object */;
			proxyType = 1;
			remoteGlobalIDString = 07FB75CC2869D9D100E3F842;
			remoteInfo = MMTCalendar;
		};
/* End PBXContainerItemProxy section */

/* Begin PBXFileReference section */
		07B77AE4286B44F300A1A2BA /* CalendarHeaderView.swift */ = {isa = PBXFileReference; lastKnownFileType = sourcecode.swift; path = CalendarHeaderView.swift; sourceTree = "<group>"; };
		07EBB30A286A0029006384DC /* CalendarCollectionViewCell.swift */ = {isa = PBXFileReference; lastKnownFileType = sourcecode.swift; path = CalendarCollectionViewCell.swift; sourceTree = "<group>"; };
		07EBB30F286A0339006384DC /* Month.swift */ = {isa = PBXFileReference; lastKnownFileType = sourcecode.swift; path = Month.swift; sourceTree = "<group>"; };
		07EBB311286A033F006384DC /* Day.swift */ = {isa = PBXFileReference; lastKnownFileType = sourcecode.swift; path = Day.swift; sourceTree = "<group>"; };
		07EBB313286A35BC006384DC /* MMTCalendarView.swift */ = {isa = PBXFileReference; lastKnownFileType = sourcecode.swift; path = MMTCalendarView.swift; sourceTree = "<group>"; };
		07FB75CD2869D9D100E3F842 /* MMTCalendar.app */ = {isa = PBXFileReference; explicitFileType = wrapper.application; includeInIndex = 0; path = MMTCalendar.app; sourceTree = BUILT_PRODUCTS_DIR; };
		07FB75D02869D9D100E3F842 /* AppDelegate.swift */ = {isa = PBXFileReference; lastKnownFileType = sourcecode.swift; path = AppDelegate.swift; sourceTree = "<group>"; };
		07FB75D22869D9D100E3F842 /* SceneDelegate.swift */ = {isa = PBXFileReference; lastKnownFileType = sourcecode.swift; path = SceneDelegate.swift; sourceTree = "<group>"; };
		07FB75D72869D9D100E3F842 /* Base */ = {isa = PBXFileReference; lastKnownFileType = file.storyboard; name = Base; path = Base.lproj/Main.storyboard; sourceTree = "<group>"; };
		07FB75D92869D9D200E3F842 /* Assets.xcassets */ = {isa = PBXFileReference; lastKnownFileType = folder.assetcatalog; path = Assets.xcassets; sourceTree = "<group>"; };
		07FB75DC2869D9D200E3F842 /* Base */ = {isa = PBXFileReference; lastKnownFileType = file.storyboard; name = Base; path = Base.lproj/LaunchScreen.storyboard; sourceTree = "<group>"; };
		07FB75DE2869D9D200E3F842 /* Info.plist */ = {isa = PBXFileReference; lastKnownFileType = text.plist.xml; path = Info.plist; sourceTree = "<group>"; };
		07FB75E32869D9D200E3F842 /* MMTCalendarTests.xctest */ = {isa = PBXFileReference; explicitFileType = wrapper.cfbundle; includeInIndex = 0; path = MMTCalendarTests.xctest; sourceTree = BUILT_PRODUCTS_DIR; };
		07FB75E72869D9D200E3F842 /* MMTCalendarTests.swift */ = {isa = PBXFileReference; lastKnownFileType = sourcecode.swift; path = MMTCalendarTests.swift; sourceTree = "<group>"; };
		07FB75ED2869D9D200E3F842 /* MMTCalendarUITests.xctest */ = {isa = PBXFileReference; explicitFileType = wrapper.cfbundle; includeInIndex = 0; path = MMTCalendarUITests.xctest; sourceTree = BUILT_PRODUCTS_DIR; };
		07FB75F12869D9D200E3F842 /* MMTCalendarUITests.swift */ = {isa = PBXFileReference; lastKnownFileType = sourcecode.swift; path = MMTCalendarUITests.swift; sourceTree = "<group>"; };
		07FB75F32869D9D200E3F842 /* MMTCalendarUITestsLaunchTests.swift */ = {isa = PBXFileReference; lastKnownFileType = sourcecode.swift; path = MMTCalendarUITestsLaunchTests.swift; sourceTree = "<group>"; };
		07FB76012869FCD100E3F842 /* HomeViewController.swift */ = {isa = PBXFileReference; lastKnownFileType = sourcecode.swift; path = HomeViewController.swift; sourceTree = "<group>"; };
/* End PBXFileReference section */

/* Begin PBXFrameworksBuildPhase section */
		07FB75CA2869D9D100E3F842 /* Frameworks */ = {
			isa = PBXFrameworksBuildPhase;
			buildActionMask = 2147483647;
			files = (
			);
			runOnlyForDeploymentPostprocessing = 0;
		};
		07FB75E02869D9D200E3F842 /* Frameworks */ = {
			isa = PBXFrameworksBuildPhase;
			buildActionMask = 2147483647;
			files = (
			);
			runOnlyForDeploymentPostprocessing = 0;
		};
		07FB75EA2869D9D200E3F842 /* Frameworks */ = {
			isa = PBXFrameworksBuildPhase;
			buildActionMask = 2147483647;
			files = (
			);
			runOnlyForDeploymentPostprocessing = 0;
		};
/* End PBXFrameworksBuildPhase section */

/* Begin PBXGroup section */
		07B77AE0286B3FDA00A1A2BA /* Cell */ = {
			isa = PBXGroup;
			children = (
				07EBB30A286A0029006384DC /* CalendarCollectionViewCell.swift */,
			);
			path = Cell;
			sourceTree = "<group>";
		};
		07B77AE1286B40A400A1A2BA /* Header */ = {
			isa = PBXGroup;
			children = (
				07B77AE4286B44F300A1A2BA /* CalendarHeaderView.swift */,
			);
			path = Header;
			sourceTree = "<group>";
		};
		07EBB3092869FEB4006384DC /* Calendar */ = {
			isa = PBXGroup;
			children = (
				07EBB313286A35BC006384DC /* MMTCalendarView.swift */,
				07B77AE1286B40A400A1A2BA /* Header */,
				07B77AE0286B3FDA00A1A2BA /* Cell */,
				07EBB30E286A032D006384DC /* Model */,
			);
			path = Calendar;
			sourceTree = "<group>";
		};
		07EBB30E286A032D006384DC /* Model */ = {
			isa = PBXGroup;
			children = (
				07EBB30F286A0339006384DC /* Month.swift */,
				07EBB311286A033F006384DC /* Day.swift */,
			);
			path = Model;
			sourceTree = "<group>";
		};
		07FB75C42869D9D100E3F842 = {
			isa = PBXGroup;
			children = (
				07FB75CF2869D9D100E3F842 /* MMTCalendar */,
				07FB75E62869D9D200E3F842 /* MMTCalendarTests */,
				07FB75F02869D9D200E3F842 /* MMTCalendarUITests */,
				07FB75CE2869D9D100E3F842 /* Products */,
			);
			sourceTree = "<group>";
		};
		07FB75CE2869D9D100E3F842 /* Products */ = {
			isa = PBXGroup;
			children = (
				07FB75CD2869D9D100E3F842 /* MMTCalendar.app */,
				07FB75E32869D9D200E3F842 /* MMTCalendarTests.xctest */,
				07FB75ED2869D9D200E3F842 /* MMTCalendarUITests.xctest */,
			);
			name = Products;
			sourceTree = "<group>";
		};
		07FB75CF2869D9D100E3F842 /* MMTCalendar */ = {
			isa = PBXGroup;
			children = (
				07FB76002869FC8000E3F842 /* AppDelegate */,
				07FB76032869FCD700E3F842 /* ViewControllers */,
				07EBB3092869FEB4006384DC /* Calendar */,
				07FB75D62869D9D100E3F842 /* Main.storyboard */,
				07FB75D92869D9D200E3F842 /* Assets.xcassets */,
				07FB75DB2869D9D200E3F842 /* LaunchScreen.storyboard */,
				07FB75DE2869D9D200E3F842 /* Info.plist */,
			);
			path = MMTCalendar;
			sourceTree = "<group>";
		};
		07FB75E62869D9D200E3F842 /* MMTCalendarTests */ = {
			isa = PBXGroup;
			children = (
				07FB75E72869D9D200E3F842 /* MMTCalendarTests.swift */,
			);
			path = MMTCalendarTests;
			sourceTree = "<group>";
		};
		07FB75F02869D9D200E3F842 /* MMTCalendarUITests */ = {
			isa = PBXGroup;
			children = (
				07FB75F12869D9D200E3F842 /* MMTCalendarUITests.swift */,
				07FB75F32869D9D200E3F842 /* MMTCalendarUITestsLaunchTests.swift */,
			);
			path = MMTCalendarUITests;
			sourceTree = "<group>";
		};
		07FB76002869FC8000E3F842 /* AppDelegate */ = {
			isa = PBXGroup;
			children = (
				07FB75D02869D9D100E3F842 /* AppDelegate.swift */,
				07FB75D22869D9D100E3F842 /* SceneDelegate.swift */,
			);
			path = AppDelegate;
			sourceTree = "<group>";
		};
		07FB76032869FCD700E3F842 /* ViewControllers */ = {
			isa = PBXGroup;
			children = (
				07FB76012869FCD100E3F842 /* HomeViewController.swift */,
			);
			path = ViewControllers;
			sourceTree = "<group>";
		};
/* End PBXGroup section */

/* Begin PBXNativeTarget section */
		07FB75CC2869D9D100E3F842 /* MMTCalendar */ = {
			isa = PBXNativeTarget;
			buildConfigurationList = 07FB75F72869D9D200E3F842 /* Build configuration list for PBXNativeTarget "MMTCalendar" */;
			buildPhases = (
				07FB75C92869D9D100E3F842 /* Sources */,
				07FB75CA2869D9D100E3F842 /* Frameworks */,
				07FB75CB2869D9D100E3F842 /* Resources */,
			);
			buildRules = (
			);
			dependencies = (
			);
			name = MMTCalendar;
			productName = MMTCalendar;
			productReference = 07FB75CD2869D9D100E3F842 /* MMTCalendar.app */;
			productType = "com.apple.product-type.application";
		};
		07FB75E22869D9D200E3F842 /* MMTCalendarTests */ = {
			isa = PBXNativeTarget;
			buildConfigurationList = 07FB75FA2869D9D200E3F842 /* Build configuration list for PBXNativeTarget "MMTCalendarTests" */;
			buildPhases = (
				07FB75DF2869D9D200E3F842 /* Sources */,
				07FB75E02869D9D200E3F842 /* Frameworks */,
				07FB75E12869D9D200E3F842 /* Resources */,
			);
			buildRules = (
			);
			dependencies = (
				07FB75E52869D9D200E3F842 /* PBXTargetDependency */,
			);
			name = MMTCalendarTests;
			productName = MMTCalendarTests;
			productReference = 07FB75E32869D9D200E3F842 /* MMTCalendarTests.xctest */;
			productType = "com.apple.product-type.bundle.unit-test";
		};
		07FB75EC2869D9D200E3F842 /* MMTCalendarUITests */ = {
			isa = PBXNativeTarget;
			buildConfigurationList = 07FB75FD2869D9D200E3F842 /* Build configuration list for PBXNativeTarget "MMTCalendarUITests" */;
			buildPhases = (
				07FB75E92869D9D200E3F842 /* Sources */,
				07FB75EA2869D9D200E3F842 /* Frameworks */,
				07FB75EB2869D9D200E3F842 /* Resources */,
			);
			buildRules = (
			);
			dependencies = (
				07FB75EF2869D9D200E3F842 /* PBXTargetDependency */,
			);
			name = MMTCalendarUITests;
			productName = MMTCalendarUITests;
			productReference = 07FB75ED2869D9D200E3F842 /* MMTCalendarUITests.xctest */;
			productType = "com.apple.product-type.bundle.ui-testing";
		};
/* End PBXNativeTarget section */

/* Begin PBXProject section */
		07FB75C52869D9D100E3F842 /* Project object */ = {
			isa = PBXProject;
			attributes = {
				BuildIndependentTargetsInParallel = 1;
				LastSwiftUpdateCheck = 1340;
				LastUpgradeCheck = 1340;
				TargetAttributes = {
					07FB75CC2869D9D100E3F842 = {
						CreatedOnToolsVersion = 13.4.1;
					};
					07FB75E22869D9D200E3F842 = {
						CreatedOnToolsVersion = 13.4.1;
						TestTargetID = 07FB75CC2869D9D100E3F842;
					};
					07FB75EC2869D9D200E3F842 = {
						CreatedOnToolsVersion = 13.4.1;
						TestTargetID = 07FB75CC2869D9D100E3F842;
					};
				};
			};
			buildConfigurationList = 07FB75C82869D9D100E3F842 /* Build configuration list for PBXProject "MMTCalendar" */;
			compatibilityVersion = "Xcode 13.0";
			developmentRegion = en;
			hasScannedForEncodings = 0;
			knownRegions = (
				en,
				Base,
			);
			mainGroup = 07FB75C42869D9D100E3F842;
			productRefGroup = 07FB75CE2869D9D100E3F842 /* Products */;
			projectDirPath = "";
			projectRoot = "";
			targets = (
				07FB75CC2869D9D100E3F842 /* MMTCalendar */,
				07FB75E22869D9D200E3F842 /* MMTCalendarTests */,
				07FB75EC2869D9D200E3F842 /* MMTCalendarUITests */,
			);
		};
/* End PBXProject section */

/* Begin PBXResourcesBuildPhase section */
		07FB75CB2869D9D100E3F842 /* Resources */ = {
			isa = PBXResourcesBuildPhase;
			buildActionMask = 2147483647;
			files = (
				07FB75DD2869D9D200E3F842 /* LaunchScreen.storyboard in Resources */,
				07FB75DA2869D9D200E3F842 /* Assets.xcassets in Resources */,
				07FB75D82869D9D100E3F842 /* Main.storyboard in Resources */,
			);
			runOnlyForDeploymentPostprocessing = 0;
		};
		07FB75E12869D9D200E3F842 /* Resources */ = {
			isa = PBXResourcesBuildPhase;
			buildActionMask = 2147483647;
			files = (
			);
			runOnlyForDeploymentPostprocessing = 0;
		};
		07FB75EB2869D9D200E3F842 /* Resources */ = {
			isa = PBXResourcesBuildPhase;
			buildActionMask = 2147483647;
			files = (
			);
			runOnlyForDeploymentPostprocessing = 0;
		};
/* End PBXResourcesBuildPhase section */

/* Begin PBXSourcesBuildPhase section */
		07FB75C92869D9D100E3F842 /* Sources */ = {
			isa = PBXSourcesBuildPhase;
			buildActionMask = 2147483647;
			files = (
				07EBB312286A033F006384DC /* Day.swift in Sources */,
				07EBB30B286A0029006384DC /* CalendarCollectionViewCell.swift in Sources */,
				07EBB310286A0339006384DC /* Month.swift in Sources */,
				07FB75D12869D9D100E3F842 /* AppDelegate.swift in Sources */,
				07FB75D32869D9D100E3F842 /* SceneDelegate.swift in Sources */,
				07FB76022869FCD100E3F842 /* HomeViewController.swift in Sources */,
				07B77AE5286B44F300A1A2BA /* CalendarHeaderView.swift in Sources */,
				07EBB314286A35BC006384DC /* MMTCalendarView.swift in Sources */,
			);
			runOnlyForDeploymentPostprocessing = 0;
		};
		07FB75DF2869D9D200E3F842 /* Sources */ = {
			isa = PBXSourcesBuildPhase;
			buildActionMask = 2147483647;
			files = (
				07FB75E82869D9D200E3F842 /* MMTCalendarTests.swift in Sources */,
			);
			runOnlyForDeploymentPostprocessing = 0;
		};
		07FB75E92869D9D200E3F842 /* Sources */ = {
			isa = PBXSourcesBuildPhase;
			buildActionMask = 2147483647;
			files = (
				07FB75F22869D9D200E3F842 /* MMTCalendarUITests.swift in Sources */,
				07FB75F42869D9D200E3F842 /* MMTCalendarUITestsLaunchTests.swift in Sources */,
			);
			runOnlyForDeploymentPostprocessing = 0;
		};
/* End PBXSourcesBuildPhase section */

/* Begin PBXTargetDependency section */
		07FB75E52869D9D200E3F842 /* PBXTargetDependency */ = {
			isa = PBXTargetDependency;
			target = 07FB75CC2869D9D100E3F842 /* MMTCalendar */;
			targetProxy = 07FB75E42869D9D200E3F842 /* PBXContainerItemProxy */;
		};
		07FB75EF2869D9D200E3F842 /* PBXTargetDependency */ = {
			isa = PBXTargetDependency;
			target = 07FB75CC2869D9D100E3F842 /* MMTCalendar */;
			targetProxy = 07FB75EE2869D9D200E3F842 /* PBXContainerItemProxy */;
		};
/* End PBXTargetDependency section */

/* Begin PBXVariantGroup section */
		07FB75D62869D9D100E3F842 /* Main.storyboard */ = {
			isa = PBXVariantGroup;
			children = (
				07FB75D72869D9D100E3F842 /* Base */,
			);
			name = Main.storyboard;
			sourceTree = "<group>";
		};
		07FB75DB2869D9D200E3F842 /* LaunchScreen.storyboard */ = {
			isa = PBXVariantGroup;
			children = (
				07FB75DC2869D9D200E3F842 /* Base */,
			);
			name = LaunchScreen.storyboard;
			sourceTree = "<group>";
		};
/* End PBXVariantGroup section */

/* Begin XCBuildConfiguration section */
		07FB75F52869D9D200E3F842 /* Debug */ = {
			isa = XCBuildConfiguration;
			buildSettings = {
				ALWAYS_SEARCH_USER_PATHS = NO;
				CLANG_ANALYZER_NONNULL = YES;
				CLANG_ANALYZER_NUMBER_OBJECT_CONVERSION = YES_AGGRESSIVE;
				CLANG_CXX_LANGUAGE_STANDARD = "gnu++17";
				CLANG_ENABLE_MODULES = YES;
				CLANG_ENABLE_OBJC_ARC = YES;
				CLANG_ENABLE_OBJC_WEAK = YES;
				CLANG_WARN_BLOCK_CAPTURE_AUTORELEASING = YES;
				CLANG_WARN_BOOL_CONVERSION = YES;
				CLANG_WARN_COMMA = YES;
				CLANG_WARN_CONSTANT_CONVERSION = YES;
				CLANG_WARN_DEPRECATED_OBJC_IMPLEMENTATIONS = YES;
				CLANG_WARN_DIRECT_OBJC_ISA_USAGE = YES_ERROR;
				CLANG_WARN_DOCUMENTATION_COMMENTS = YES;
				CLANG_WARN_EMPTY_BODY = YES;
				CLANG_WARN_ENUM_CONVERSION = YES;
				CLANG_WARN_INFINITE_RECURSION = YES;
				CLANG_WARN_INT_CONVERSION = YES;
				CLANG_WARN_NON_LITERAL_NULL_CONVERSION = YES;
				CLANG_WARN_OBJC_IMPLICIT_RETAIN_SELF = YES;
				CLANG_WARN_OBJC_LITERAL_CONVERSION = YES;
				CLANG_WARN_OBJC_ROOT_CLASS = YES_ERROR;
				CLANG_WARN_QUOTED_INCLUDE_IN_FRAMEWORK_HEADER = YES;
				CLANG_WARN_RANGE_LOOP_ANALYSIS = YES;
				CLANG_WARN_STRICT_PROTOTYPES = YES;
				CLANG_WARN_SUSPICIOUS_MOVE = YES;
				CLANG_WARN_UNGUARDED_AVAILABILITY = YES_AGGRESSIVE;
				CLANG_WARN_UNREACHABLE_CODE = YES;
				CLANG_WARN__DUPLICATE_METHOD_MATCH = YES;
				COPY_PHASE_STRIP = NO;
				DEBUG_INFORMATION_FORMAT = dwarf;
				ENABLE_STRICT_OBJC_MSGSEND = YES;
				ENABLE_TESTABILITY = YES;
				GCC_C_LANGUAGE_STANDARD = gnu11;
				GCC_DYNAMIC_NO_PIC = NO;
				GCC_NO_COMMON_BLOCKS = YES;
				GCC_OPTIMIZATION_LEVEL = 0;
				GCC_PREPROCESSOR_DEFINITIONS = (
					"DEBUG=1",
					"$(inherited)",
				);
				GCC_WARN_64_TO_32_BIT_CONVERSION = YES;
				GCC_WARN_ABOUT_RETURN_TYPE = YES_ERROR;
				GCC_WARN_UNDECLARED_SELECTOR = YES;
				GCC_WARN_UNINITIALIZED_AUTOS = YES_AGGRESSIVE;
				GCC_WARN_UNUSED_FUNCTION = YES;
				GCC_WARN_UNUSED_VARIABLE = YES;
				IPHONEOS_DEPLOYMENT_TARGET = 15.5;
				MTL_ENABLE_DEBUG_INFO = INCLUDE_SOURCE;
				MTL_FAST_MATH = YES;
				ONLY_ACTIVE_ARCH = YES;
				SDKROOT = iphoneos;
				SWIFT_ACTIVE_COMPILATION_CONDITIONS = DEBUG;
				SWIFT_OPTIMIZATION_LEVEL = "-Onone";
			};
			name = Debug;
		};
		07FB75F62869D9D200E3F842 /* Release */ = {
			isa = XCBuildConfiguration;
			buildSettings = {
				ALWAYS_SEARCH_USER_PATHS = NO;
				CLANG_ANALYZER_NONNULL = YES;
				CLANG_ANALYZER_NUMBER_OBJECT_CONVERSION = YES_AGGRESSIVE;
				CLANG_CXX_LANGUAGE_STANDARD = "gnu++17";
				CLANG_ENABLE_MODULES = YES;
				CLANG_ENABLE_OBJC_ARC = YES;
				CLANG_ENABLE_OBJC_WEAK = YES;
				CLANG_WARN_BLOCK_CAPTURE_AUTORELEASING = YES;
				CLANG_WARN_BOOL_CONVERSION = YES;
				CLANG_WARN_COMMA = YES;
				CLANG_WARN_CONSTANT_CONVERSION = YES;
				CLANG_WARN_DEPRECATED_OBJC_IMPLEMENTATIONS = YES;
				CLANG_WARN_DIRECT_OBJC_ISA_USAGE = YES_ERROR;
				CLANG_WARN_DOCUMENTATION_COMMENTS = YES;
				CLANG_WARN_EMPTY_BODY = YES;
				CLANG_WARN_ENUM_CONVERSION = YES;
				CLANG_WARN_INFINITE_RECURSION = YES;
				CLANG_WARN_INT_CONVERSION = YES;
				CLANG_WARN_NON_LITERAL_NULL_CONVERSION = YES;
				CLANG_WARN_OBJC_IMPLICIT_RETAIN_SELF = YES;
				CLANG_WARN_OBJC_LITERAL_CONVERSION = YES;
				CLANG_WARN_OBJC_ROOT_CLASS = YES_ERROR;
				CLANG_WARN_QUOTED_INCLUDE_IN_FRAMEWORK_HEADER = YES;
				CLANG_WARN_RANGE_LOOP_ANALYSIS = YES;
				CLANG_WARN_STRICT_PROTOTYPES = YES;
				CLANG_WARN_SUSPICIOUS_MOVE = YES;
				CLANG_WARN_UNGUARDED_AVAILABILITY = YES_AGGRESSIVE;
				CLANG_WARN_UNREACHABLE_CODE = YES;
				CLANG_WARN__DUPLICATE_METHOD_MATCH = YES;
				COPY_PHASE_STRIP = NO;
				DEBUG_INFORMATION_FORMAT = "dwarf-with-dsym";
				ENABLE_NS_ASSERTIONS = NO;
				ENABLE_STRICT_OBJC_MSGSEND = YES;
				GCC_C_LANGUAGE_STANDARD = gnu11;
				GCC_NO_COMMON_BLOCKS = YES;
				GCC_WARN_64_TO_32_BIT_CONVERSION = YES;
				GCC_WARN_ABOUT_RETURN_TYPE = YES_ERROR;
				GCC_WARN_UNDECLARED_SELECTOR = YES;
				GCC_WARN_UNINITIALIZED_AUTOS = YES_AGGRESSIVE;
				GCC_WARN_UNUSED_FUNCTION = YES;
				GCC_WARN_UNUSED_VARIABLE = YES;
				IPHONEOS_DEPLOYMENT_TARGET = 15.5;
				MTL_ENABLE_DEBUG_INFO = NO;
				MTL_FAST_MATH = YES;
				SDKROOT = iphoneos;
				SWIFT_COMPILATION_MODE = wholemodule;
				SWIFT_OPTIMIZATION_LEVEL = "-O";
				VALIDATE_PRODUCT = YES;
			};
			name = Release;
		};
		07FB75F82869D9D200E3F842 /* Debug */ = {
			isa = XCBuildConfiguration;
			buildSettings = {
				ASSETCATALOG_COMPILER_APPICON_NAME = AppIcon;
				ASSETCATALOG_COMPILER_GLOBAL_ACCENT_COLOR_NAME = AccentColor;
				CODE_SIGN_STYLE = Automatic;
				CURRENT_PROJECT_VERSION = 1;
				DEVELOPMENT_TEAM = Q9QD5LY5L7;
				GENERATE_INFOPLIST_FILE = YES;
				INFOPLIST_FILE = MMTCalendar/Info.plist;
				INFOPLIST_KEY_UIApplicationSupportsIndirectInputEvents = YES;
				INFOPLIST_KEY_UILaunchStoryboardName = LaunchScreen;
				INFOPLIST_KEY_UIMainStoryboardFile = Main;
				INFOPLIST_KEY_UISupportedInterfaceOrientations = UIInterfaceOrientationPortrait;
				INFOPLIST_KEY_UISupportedInterfaceOrientations_iPad = "UIInterfaceOrientationPortrait UIInterfaceOrientationPortraitUpsideDown UIInterfaceOrientationLandscapeLeft UIInterfaceOrientationLandscapeRight";
				INFOPLIST_KEY_UISupportedInterfaceOrientations_iPhone = "UIInterfaceOrientationPortrait UIInterfaceOrientationLandscapeLeft UIInterfaceOrientationLandscapeRight";
				IPHONEOS_DEPLOYMENT_TARGET = 13.0;
				LD_RUNPATH_SEARCH_PATHS = (
					"$(inherited)",
					"@executable_path/Frameworks",
				);
				MARKETING_VERSION = 1.0;
				PRODUCT_BUNDLE_IDENTIFIER = com.arnab.MMTCalendar;
				PRODUCT_NAME = "$(TARGET_NAME)";
				SWIFT_EMIT_LOC_STRINGS = YES;
				SWIFT_VERSION = 5.0;
				TARGETED_DEVICE_FAMILY = "1,2";
			};
			name = Debug;
		};
		07FB75F92869D9D200E3F842 /* Release */ = {
			isa = XCBuildConfiguration;
			buildSettings = {
				ASSETCATALOG_COMPILER_APPICON_NAME = AppIcon;
				ASSETCATALOG_COMPILER_GLOBAL_ACCENT_COLOR_NAME = AccentColor;
				CODE_SIGN_STYLE = Automatic;
				CURRENT_PROJECT_VERSION = 1;
				DEVELOPMENT_TEAM = Q9QD5LY5L7;
				GENERATE_INFOPLIST_FILE = YES;
				INFOPLIST_FILE = MMTCalendar/Info.plist;
				INFOPLIST_KEY_UIApplicationSupportsIndirectInputEvents = YES;
				INFOPLIST_KEY_UILaunchStoryboardName = LaunchScreen;
				INFOPLIST_KEY_UIMainStoryboardFile = Main;
				INFOPLIST_KEY_UISupportedInterfaceOrientations = UIInterfaceOrientationPortrait;
				INFOPLIST_KEY_UISupportedInterfaceOrientations_iPad = "UIInterfaceOrientationPortrait UIInterfaceOrientationPortraitUpsideDown UIInterfaceOrientationLandscapeLeft UIInterfaceOrientationLandscapeRight";
				INFOPLIST_KEY_UISupportedInterfaceOrientations_iPhone = "UIInterfaceOrientationPortrait UIInterfaceOrientationLandscapeLeft UIInterfaceOrientationLandscapeRight";
				IPHONEOS_DEPLOYMENT_TARGET = 13.0;
				LD_RUNPATH_SEARCH_PATHS = (
					"$(inherited)",
					"@executable_path/Frameworks",
				);
				MARKETING_VERSION = 1.0;
				PRODUCT_BUNDLE_IDENTIFIER = com.arnab.MMTCalendar;
				PRODUCT_NAME = "$(TARGET_NAME)";
				SWIFT_EMIT_LOC_STRINGS = YES;
				SWIFT_VERSION = 5.0;
				TARGETED_DEVICE_FAMILY = "1,2";
			};
			name = Release;
		};
		07FB75FB2869D9D200E3F842 /* Debug */ = {
			isa = XCBuildConfiguration;
			buildSettings = {
				ALWAYS_EMBED_SWIFT_STANDARD_LIBRARIES = YES;
				BUNDLE_LOADER = "$(TEST_HOST)";
				CODE_SIGN_STYLE = Automatic;
				CURRENT_PROJECT_VERSION = 1;
				DEVELOPMENT_TEAM = Q9QD5LY5L7;
				GENERATE_INFOPLIST_FILE = YES;
				IPHONEOS_DEPLOYMENT_TARGET = 15.5;
				MARKETING_VERSION = 1.0;
				PRODUCT_BUNDLE_IDENTIFIER = com.arnab.MMTCalendarTests;
				PRODUCT_NAME = "$(TARGET_NAME)";
				SWIFT_EMIT_LOC_STRINGS = NO;
				SWIFT_VERSION = 5.0;
				TARGETED_DEVICE_FAMILY = "1,2";
				TEST_HOST = "$(BUILT_PRODUCTS_DIR)/MMTCalendar.app/MMTCalendar";
			};
			name = Debug;
		};
		07FB75FC2869D9D200E3F842 /* Release */ = {
			isa = XCBuildConfiguration;
			buildSettings = {
				ALWAYS_EMBED_SWIFT_STANDARD_LIBRARIES = YES;
				BUNDLE_LOADER = "$(TEST_HOST)";
				CODE_SIGN_STYLE = Automatic;
				CURRENT_PROJECT_VERSION = 1;
				DEVELOPMENT_TEAM = Q9QD5LY5L7;
				GENERATE_INFOPLIST_FILE = YES;
				IPHONEOS_DEPLOYMENT_TARGET = 15.5;
				MARKETING_VERSION = 1.0;
				PRODUCT_BUNDLE_IDENTIFIER = com.arnab.MMTCalendarTests;
				PRODUCT_NAME = "$(TARGET_NAME)";
				SWIFT_EMIT_LOC_STRINGS = NO;
				SWIFT_VERSION = 5.0;
				TARGETED_DEVICE_FAMILY = "1,2";
				TEST_HOST = "$(BUILT_PRODUCTS_DIR)/MMTCalendar.app/MMTCalendar";
			};
			name = Release;
		};
		07FB75FE2869D9D200E3F842 /* Debug */ = {
			isa = XCBuildConfiguration;
			buildSettings = {
				ALWAYS_EMBED_SWIFT_STANDARD_LIBRARIES = YES;
				CODE_SIGN_STYLE = Automatic;
				CURRENT_PROJECT_VERSION = 1;
				DEVELOPMENT_TEAM = Q9QD5LY5L7;
				GENERATE_INFOPLIST_FILE = YES;
				MARKETING_VERSION = 1.0;
				PRODUCT_BUNDLE_IDENTIFIER = com.arnab.MMTCalendarUITests;
				PRODUCT_NAME = "$(TARGET_NAME)";
				SWIFT_EMIT_LOC_STRINGS = NO;
				SWIFT_VERSION = 5.0;
				TARGETED_DEVICE_FAMILY = "1,2";
				TEST_TARGET_NAME = MMTCalendar;
			};
			name = Debug;
		};
		07FB75FF2869D9D200E3F842 /* Release */ = {
			isa = XCBuildConfiguration;
			buildSettings = {
				ALWAYS_EMBED_SWIFT_STANDARD_LIBRARIES = YES;
				CODE_SIGN_STYLE = Automatic;
				CURRENT_PROJECT_VERSION = 1;
				DEVELOPMENT_TEAM = Q9QD5LY5L7;
				GENERATE_INFOPLIST_FILE = YES;
				MARKETING_VERSION = 1.0;
				PRODUCT_BUNDLE_IDENTIFIER = com.arnab.MMTCalendarUITests;
				PRODUCT_NAME = "$(TARGET_NAME)";
				SWIFT_EMIT_LOC_STRINGS = NO;
				SWIFT_VERSION = 5.0;
				TARGETED_DEVICE_FAMILY = "1,2";
				TEST_TARGET_NAME = MMTCalendar;
			};
			name = Release;
		};
/* End XCBuildConfiguration section */

/* Begin XCConfigurationList section */
		07FB75C82869D9D100E3F842 /* Build configuration list for PBXProject "MMTCalendar" */ = {
			isa = XCConfigurationList;
			buildConfigurations = (
				07FB75F52869D9D200E3F842 /* Debug */,
				07FB75F62869D9D200E3F842 /* Release */,
			);
			defaultConfigurationIsVisible = 0;
			defaultConfigurationName = Release;
		};
		07FB75F72869D9D200E3F842 /* Build configuration list for PBXNativeTarget "MMTCalendar" */ = {
			isa = XCConfigurationList;
			buildConfigurations = (
				07FB75F82869D9D200E3F842 /* Debug */,
				07FB75F92869D9D200E3F842 /* Release */,
			);
			defaultConfigurationIsVisible = 0;
			defaultConfigurationName = Release;
		};
		07FB75FA2869D9D200E3F842 /* Build configuration list for PBXNativeTarget "MMTCalendarTests" */ = {
			isa = XCConfigurationList;
			buildConfigurations = (
				07FB75FB2869D9D200E3F842 /* Debug */,
				07FB75FC2869D9D200E3F842 /* Release */,
			);
			defaultConfigurationIsVisible = 0;
			defaultConfigurationName = Release;
		};
		07FB75FD2869D9D200E3F842 /* Build configuration list for PBXNativeTarget "MMTCalendarUITests" */ = {
			isa = XCConfigurationList;
			buildConfigurations = (
				07FB75FE2869D9D200E3F842 /* Debug */,
				07FB75FF2869D9D200E3F842 /* Release */,
			);
			defaultConfigurationIsVisible = 0;
			defaultConfigurationName = Release;
		};
/* End XCConfigurationList section */
	};
	rootObject = 07FB75C52869D9D100E3F842 /* Project object */;
}
